lockfile_version: '1'
generated_at: '2026-08-09T10:07:39.061154+00:00'
apm_version: 0.26.0
dependencies:
- repo_url: ast-grep/agent-skill
  name: ast-grep
  host: github.com
  resolved_commit: c2a9bc154f4ffe08b25d28d5e852dfac8c0d0d8a
  version: unknown
  virtual_path: ast-grep/skills/ast-grep
  is_virtual: true
  package_type: claude_skill
  deployed_files:
  - .agents/skills/ast-grep
  - .agents/skills/ast-grep/SKILL.md
  - .agents/skills/ast-grep/references/rule_reference.md
  - .claude/skills/ast-grep
  - .claude/skills/ast-grep/SKILL.md
  - .claude/skills/ast-grep/references/rule_reference.md
  deployed_file_hashes:
    .agents/skills/ast-grep/SKILL.md: sha256:1d356580b6d3af4feb5722e820b1c34041f6e90162c063f1c63fce3f21c72543
    .agents/skills/ast-grep/references/rule_reference.md: sha256:9f6d2ba2f2dbde059f61f426c262abe943f548984496962c43c7cc6e44813ad6
    .claude/skills/ast-grep/SKILL.md: sha256:1d356580b6d3af4feb5722e820b1c34041f6e90162c063f1c63fce3f21c72543
    .claude/skills/ast-grep/references/rule_reference.md: sha256:9f6d2ba2f2dbde059f61f426c262abe943f548984496962c43c7cc6e44813ad6
  content_hash: sha256:e812630c21ec2215bd0abfe33835ae382059112e990411b588b84bb24c4f0a4f
- repo_url: jandedobbeleer/agentic
  name: agentic-golang
  host: github.com
  resolved_commit: b5f7b6fe301b714aa0281eb47d6cfbdf7bce0cb0
  version: 1.0.0
  virtual_path: instructions/golang.instructions.md
  is_virtual: true
  deployed_files:
  - .claude/rules/golang.md
  - .github/instructions/golang.instructions.md
  deployed_file_hashes:
    .claude/rules/golang.md: sha256:0764c8fb6d150a9d3c3b979bac44a6fc60235d5ac6748f56f0f3a104baa397ae
    .github/instructions/golang.instructions.md: sha256:7e2bf2dc56999c5da01a6a7f747b52048c31f266ed781fb55a19013d52f61aae
  content_hash: sha256:eeb062f0f5ef9b4e6af25a63b8b70ad2304374d0c0ae99ef5401b898b8a0c15c
- repo_url: jandedobbeleer/agentic
  name: agentic-markdown
  host: github.com
  resolved_commit: b5f7b6fe301b714aa0281eb47d6cfbdf7bce0cb0
  version: 1.0.0
  virtual_path: instructions/markdown.instructions.md
  is_virtual: true
  deployed_files:
  - .claude/rules/markdown.md
  - .github/instructions/markdown.instructions.md
  deployed_file_hashes:
    .claude/rules/markdown.md: sha256:5cacee96c7980a38cb5a65330927629f2bf9b854ef52dd8c1871bfd317b0afdb
    .github/instructions/markdown.instructions.md: sha256:4ba0d28521d57c6833f049ee23420e2466a545caa93dbbe587dedef7904af66c
  content_hash: sha256:b3e08691b6bffb4818f50e56b64ec3285592e07b7caea8e0d40300f583e26cb7
- repo_url: jandedobbeleer/agentic
  name: agentic-powershell
  host: github.com
  resolved_commit: b5f7b6fe301b714aa0281eb47d6cfbdf7bce0cb0
  version: 1.0.0
  virtual_path: instructions/powershell.instructions.md
  is_virtual: true
  deployed_files:
  - .claude/rules/powershell.md
  - .github/instructions/powershell.instructions.md
  deployed_file_hashes:
    .claude/rules/powershell.md: sha256:a428a4a7470c30a1ccd8beeb38fe936bf3f049f795ed36f7ecf982dc72a4af18
    .github/instructions/powershell.instructions.md: sha256:3a701d9eb8b29dd213028151a411a0af05cd5d476e88a0e9bab5a2cd66e8273d
  content_hash: sha256:518920d43e7cb5ce2d0de6fd2c5392525f854ac80c02e0c7ca5c3ac0b41a144a
- repo_url: jandedobbeleer/agentic
  name: code-changes
  host: github.com
  resolved_commit: b5f7b6fe301b714aa0281eb47d6cfbdf7bce0cb0
  version: unknown
  virtual_path: skills/code-changes
  is_virtual: true
  package_type: claude_skill
  deployed_files:
  - .agents/skills/code-changes
  - .agents/skills/code-changes/SKILL.md
  - .agents/skills/code-changes/references/analyze.md
  - .agents/skills/code-changes/references/delegate.md
  - .agents/skills/code-changes/references/deliver.md
  - .agents/skills/code-changes/references/escalate.md
  - .agents/skills/code-changes/references/issue-triage.md
  - .agents/skills/code-changes/references/model-tiers.md
  - .agents/skills/code-changes/references/plan.md
  - .agents/skills/code-changes/references/pr-review-comments.md
  - .agents/skills/code-changes/references/supervise.md
  - .agents/skills/code-changes/references/verify.md
  - .claude/skills/code-changes
  - .claude/skills/code-changes/SKILL.md
  - .claude/skills/code-changes/references/analyze.md
  - .claude/skills/code-changes/references/delegate.md
  - .claude/skills/code-changes/references/deliver.md
  - .claude/skills/code-changes/references/escalate.md
  - .claude/skills/code-changes/references/issue-triage.md
  - .claude/skills/code-changes/references/model-tiers.md
  - .claude/skills/code-changes/references/plan.md
  - .claude/skills/code-changes/references/pr-review-comments.md
  - .claude/skills/code-changes/references/supervise.md
  - .claude/skills/code-changes/references/verify.md
  deployed_file_hashes:
    .agents/skills/code-changes/SKILL.md: sha256:e8332f89a1b1c4bfbf897d563357a939bacd607116708062726720c0c74ec184
    .agents/skills/code-changes/references/analyze.md: sha256:0a1e4825d315f44f58f13851716b42a9a6a54f6b7a6b17aa101b97d3d1fde75b
    .agents/skills/code-changes/references/delegate.md: sha256:cfb559d02fd17dd323d89261bea6fa4ce7a59a01ac616c06a43cf88173df2ba0
    .agents/skills/code-changes/references/deliver.md: sha256:f4bdbb7f85966aa281c7831acaac981691882960fba14752ffe43e5a3a90cca7
    .agents/skills/code-changes/references/escalate.md: sha256:b240512bcc3764ee82fbf880c11d74f4b73e4bee640e64d55ad62fea70484874
    .agents/skills/code-changes/references/issue-triage.md: sha256:7e92dad2274802263787f22f80ca5dcf2a2614fd4460650b19cfc5ec904169c2
    .agents/skills/code-changes/references/model-tiers.md: sha256:0d21f6f1456bd2ff7f97ece0e181660c9e6270eb1530ad81a6d5a1b324dc0111
    .agents/skills/code-changes/references/plan.md: sha256:6f299e0b7c5e7677277bc570d1b76e92f4387a8d37de4877447225e80db36801
    .agents/skills/code-changes/references/pr-review-comments.md: sha256:ff3d4be9488c4363b55947ddea07dc350e52d26fe656b4155b5a621cdb37a1c9
    .agents/skills/code-changes/references/supervise.md: sha256:6c17cd74c4cac7bfc73d7be7e271f1470662e569e26c6667a5b16a702bd6d9c3
    .agents/skills/code-changes/references/verify.md: sha256:54530e1e5c4d54000b1046f141cd621e834aeb0c6176f95b76dca35a33c53fc9
    .claude/skills/code-changes/SKILL.md: sha256:e8332f89a1b1c4bfbf897d563357a939bacd607116708062726720c0c74ec184
    .claude/skills/code-changes/references/analyze.md: sha256:0a1e4825d315f44f58f13851716b42a9a6a54f6b7a6b17aa101b97d3d1fde75b
    .claude/skills/code-changes/references/delegate.md: sha256:cfb559d02fd17dd323d89261bea6fa4ce7a59a01ac616c06a43cf88173df2ba0
    .claude/skills/code-changes/references/deliver.md: sha256:f4bdbb7f85966aa281c7831acaac981691882960fba14752ffe43e5a3a90cca7
    .claude/skills/code-changes/references/escalate.md: sha256:b240512bcc3764ee82fbf880c11d74f4b73e4bee640e64d55ad62fea70484874
    .claude/skills/code-changes/references/issue-triage.md: sha256:7e92dad2274802263787f22f80ca5dcf2a2614fd4460650b19cfc5ec904169c2
    .claude/skills/code-changes/references/model-tiers.md: sha256:0d21f6f1456bd2ff7f97ece0e181660c9e6270eb1530ad81a6d5a1b324dc0111
    .claude/skills/code-changes/references/plan.md: sha256:6f299e0b7c5e7677277bc570d1b76e92f4387a8d37de4877447225e80db36801
    .claude/skills/code-changes/references/pr-review-comments.md: sha256:ff3d4be9488c4363b55947ddea07dc350e52d26fe656b4155b5a621cdb37a1c9
    .claude/skills/code-changes/references/supervise.md: sha256:6c17cd74c4cac7bfc73d7be7e271f1470662e569e26c6667a5b16a702bd6d9c3
    .claude/skills/code-changes/references/verify.md: sha256:54530e1e5c4d54000b1046f141cd621e834aeb0c6176f95b76dca35a33c53fc9
  content_hash: sha256:7d139c7ade1661932608375f7c46751c3664a8cc8e39b4cd7d24560da32dcca6
- repo_url: jandedobbeleer/agentic
  name: conventional-commit
  host: github.com
  resolved_commit: b5f7b6fe301b714aa0281eb47d6cfbdf7bce0cb0
  version: unknown
  virtual_path: skills/conventional-commit
  is_virtual: true
  package_type: claude_skill
  deployed_files:
  - .agents/skills/conventional-commit
  - .agents/skills/conventional-commit/SKILL.md
  - .claude/skills/conventional-commit
  - .claude/skills/conventional-commit/SKILL.md
  deployed_file_hashes:
    .agents/skills/conventional-commit/SKILL.md: sha256:05f6b10c1909b9975410639901c713359e94d358b7b7dbc1e606d5356846d229
    .claude/skills/conventional-commit/SKILL.md: sha256:05f6b10c1909b9975410639901c713359e94d358b7b7dbc1e606d5356846d229
  content_hash: sha256:44bd33d20c6122489d0eedaa292dcf9b155439d021661e7ae84ce9b6f812d363
- repo_url: jandedobbeleer/agentic
  name: golang
  host: github.com
  resolved_commit: b5f7b6fe301b714aa0281eb47d6cfbdf7bce0cb0
  version: unknown
  virtual_path: skills/golang
  is_virtual: true
  package_type: claude_skill
  deployed_files:
  - .agents/skills/golang
  - .agents/skills/golang/SKILL.md
  - .claude/skills/golang
  - .claude/skills/golang/SKILL.md
  deployed_file_hashes:
    .agents/skills/golang/SKILL.md: sha256:89ff95bbb7d575eafb790bb079e7bdaf6392a71de67b1b835ff70bad1133af2d
    .claude/skills/golang/SKILL.md: sha256:89ff95bbb7d575eafb790bb079e7bdaf6392a71de67b1b835ff70bad1133af2d
  content_hash: sha256:db25f5feecfd446cb39eb18d32d4efb478fcd7c5452f7b3faf676ba4b6afdbde
- repo_url: jandedobbeleer/agentic
  name: markdown
  host: github.com
  resolved_commit: b5f7b6fe301b714aa0281eb47d6cfbdf7bce0cb0
  version: unknown
  virtual_path: skills/markdown
  is_virtual: true
  package_type: claude_skill
  deployed_files:
  - .agents/skills/markdown
  - .agents/skills/markdown/SKILL.md
  - .claude/skills/markdown
  - .claude/skills/markdown/SKILL.md
  deployed_file_hashes:
    .agents/skills/markdown/SKILL.md: sha256:841c2953f949e0e5a1641e895a88f8e9ab4b7e7fab6824728cc22fbdcaba4d8d
    .claude/skills/markdown/SKILL.md: sha256:841c2953f949e0e5a1641e895a88f8e9ab4b7e7fab6824728cc22fbdcaba4d8d
  content_hash: sha256:fa25f4f36faa33fa51ec6e9a3b5bf7cde618d8d7dfb572dd8f55733dc1813265
- repo_url: jandedobbeleer/agentic
  name: powershell
  host: github.com
  resolved_commit: b5f7b6fe301b714aa0281eb47d6cfbdf7bce0cb0
  version: unknown
  virtual_path: skills/powershell
  is_virtual: true
  package_type: claude_skill
  deployed_files:
  - .agents/skills/powershell
  - .agents/skills/powershell/SKILL.md
  - .claude/skills/powershell
  - .claude/skills/powershell/SKILL.md
  deployed_file_hashes:
    .agents/skills/powershell/SKILL.md: sha256:cedf9f49815cf9d78bcad7907b835707d037960e71e7481081771c086d346692
    .claude/skills/powershell/SKILL.md: sha256:cedf9f49815cf9d78bcad7907b835707d037960e71e7481081771c086d346692
  content_hash: sha256:bc844acc1cf9ccc5d2d10e1c889b8b5b69b92f743e3bc11e0bc9a386770fc864
- repo_url: jandedobbeleer/agentic
  name: writing-clearly-and-concisely
  host: github.com
  resolved_commit: b5f7b6fe301b714aa0281eb47d6cfbdf7bce0cb0
  version: unknown
  virtual_path: skills/writing-clearly-and-concisely
  is_virtual: true
  package_type: claude_skill
  deployed_files:
  - .agents/skills/writing-clearly-and-concisely
  - .agents/skills/writing-clearly-and-concisely/README.md
  - .agents/skills/writing-clearly-and-concisely/SKILL.md
  - .agents/skills/writing-clearly-and-concisely/elements-of-style/01-introductory.md
  - .agents/skills/writing-clearly-and-concisely/elements-of-style/02-elementary-rules-of-usage.md
  - .agents/skills/writing-clearly-and-concisely/elements-of-style/03-elementary-principles-of-composition.md
  - .agents/skills/writing-clearly-and-concisely/elements-of-style/04-a-few-matters-of-form.md
  - .agents/skills/writing-clearly-and-concisely/elements-of-style/05-words-and-expressions-commonly-misused.md
  - .agents/skills/writing-clearly-and-concisely/signs-of-ai-writing.md
  - .claude/skills/writing-clearly-and-concisely
  - .claude/skills/writing-clearly-and-concisely/README.md
  - .claude/skills/writing-clearly-and-concisely/SKILL.md
  - .claude/skills/writing-clearly-and-concisely/elements-of-style/01-introductory.md
  - .claude/skills/writing-clearly-and-concisely/elements-of-style/02-elementary-rules-of-usage.md
  - .claude/skills/writing-clearly-and-concisely/elements-of-style/03-elementary-principles-of-composition.md
  - .claude/skills/writing-clearly-and-concisely/elements-of-style/04-a-few-matters-of-form.md
  - .claude/skills/writing-clearly-and-concisely/elements-of-style/05-words-and-expressions-commonly-misused.md
  - .claude/skills/writing-clearly-and-concisely/signs-of-ai-writing.md
  deployed_file_hashes:
    .agents/skills/writing-clearly-and-concisely/README.md: sha256:414bb2a9fac3047aff54e4374c7e59a2a177ec040f57f6f8f1a13e13e49fb03f
    .agents/skills/writing-clearly-and-concisely/SKILL.md: sha256:0cc10a76b43682f155487bda2beb869230f45f1fb663dd6a584a027471b5549d
    .agents/skills/writing-clearly-and-concisely/elements-of-style/01-introductory.md: sha256:21aa439a1369d7e981175d54095766d8ca559b05d322f1fb6e6d9c28c567f112
    .agents/skills/writing-clearly-and-concisely/elements-of-style/02-elementary-rules-of-usage.md: sha256:f04f567c13b09af4b59e461878756aa8fedcec584f62415dd0f9f27fcdeb4d10
    .agents/skills/writing-clearly-and-concisely/elements-of-style/03-elementary-principles-of-composition.md: sha256:711f86b49743bcbd0e2f87d4db41fea037d1988d2c3314410664a9b42df62c89
    .agents/skills/writing-clearly-and-concisely/elements-of-style/04-a-few-matters-of-form.md: sha256:79bbf6be240476be357fb1ea4683822c1ec4b0602850d33f8ed288274ff30596
    .agents/skills/writing-clearly-and-concisely/elements-of-style/05-words-and-expressions-commonly-misused.md: sha256:e5d48a2afc1e0f0ab104ec90367c8d2f8cbe5eef7de14f4ba80ac55d585dc354
    .agents/skills/writing-clearly-and-concisely/signs-of-ai-writing.md: sha256:0673d95e92d3901830697398fa9399934f501be145b054eb9a35dc95622d7825
    .claude/skills/writing-clearly-and-concisely/README.md: sha256:414bb2a9fac3047aff54e4374c7e59a2a177ec040f57f6f8f1a13e13e49fb03f
    .claude/skills/writing-clearly-and-concisely/SKILL.md: sha256:0cc10a76b43682f155487bda2beb869230f45f1fb663dd6a584a027471b5549d
    .claude/skills/writing-clearly-and-concisely/elements-of-style/01-introductory.md: sha256:21aa439a1369d7e981175d54095766d8ca559b05d322f1fb6e6d9c28c567f112
    .claude/skills/writing-clearly-and-concisely/elements-of-style/02-elementary-rules-of-usage.md: sha256:f04f567c13b09af4b59e461878756aa8fedcec584f62415dd0f9f27fcdeb4d10
    .claude/skills/writing-clearly-and-concisely/elements-of-style/03-elementary-principles-of-composition.md: sha256:711f86b49743bcbd0e2f87d4db41fea037d1988d2c3314410664a9b42df62c89
    .claude/skills/writing-clearly-and-concisely/elements-of-style/04-a-few-matters-of-form.md: sha256:79bbf6be240476be357fb1ea4683822c1ec4b0602850d33f8ed288274ff30596
    .claude/skills/writing-clearly-and-concisely/elements-of-style/05-words-and-expressions-commonly-misused.md: sha256:e5d48a2afc1e0f0ab104ec90367c8d2f8cbe5eef7de14f4ba80ac55d585dc354
    .claude/skills/writing-clearly-and-concisely/signs-of-ai-writing.md: sha256:0673d95e92d3901830697398fa9399934f501be145b054eb9a35dc95622d7825
  content_hash: sha256:0bd24c1966efd77b0636b05e8cae95d03df98dab5f42bb7605f10a897f13c39c
deployments:
- kind: project-relative
  target: claude
  value: .claude/rules/golang.md
  runtime: null
  scope: project
  owners:
  - jandedobbeleer/agentic/instructions/golang.instructions.md
  active_owner: jandedobbeleer/agentic/instructions/golang.instructions.md
  content_hash: sha256:0764c8fb6d150a9d3c3b979bac44a6fc60235d5ac6748f56f0f3a104baa397ae
- kind: project-relative
  target: claude
  value: .claude/rules/markdown.md
  runtime: null
  scope: project
  owners:
  - jandedobbeleer/agentic/instructions/markdown.instructions.md
  active_owner: jandedobbeleer/agentic/instructions/markdown.instructions.md
  content_hash: sha256:5cacee96c7980a38cb5a65330927629f2bf9b854ef52dd8c1871bfd317b0afdb
- kind: project-relative
  target: claude
  value: .claude/rules/powershell.md
  runtime: null
  scope: project
  owners:
  - jandedobbeleer/agentic/instructions/powershell.instructions.md
  active_owner: jandedobbeleer/agentic/instructions/powershell.instructions.md
  content_hash: sha256:a428a4a7470c30a1ccd8beeb38fe936bf3f049f795ed36f7ecf982dc72a4af18
- kind: project-relative
  target: claude
  value: .claude/skills/ast-grep
  runtime: null
  scope: project
  owners:
  - ast-grep/agent-skill/ast-grep/skills/ast-grep
  active_owner: ast-grep/agent-skill/ast-grep/skills/ast-grep
  content_hash: null
- kind: project-relative
  target: claude
  value: .claude/skills/ast-grep/SKILL.md
  runtime: null
  scope: project
  owners:
  - ast-grep/agent-skill/ast-grep/skills/ast-grep
  active_owner: ast-grep/agent-skill/ast-grep/skills/ast-grep
  content_hash: sha256:1d356580b6d3af4feb5722e820b1c34041f6e90162c063f1c63fce3f21c72543
- kind: project-relative
  target: claude
  value: .claude/skills/ast-grep/references/rule_reference.md
  runtime: null
  scope: project
  owners:
  - ast-grep/agent-skill/ast-grep/skills/ast-grep
  active_owner: ast-grep/agent-skill/ast-grep/skills/ast-grep
  content_hash: sha256:9f6d2ba2f2dbde059f61f426c262abe943f548984496962c43c7cc6e44813ad6
- kind: project-relative
  target: claude
  value: .claude/skills/code-changes
  runtime: null
  scope: project
  owners:
  - jandedobbeleer/agentic/skills/code-changes
  active_owner: jandedobbeleer/agentic/skills/code-changes
  content_hash: null
- kind: project-relative
  target: claude
  value: .claude/skills/code-changes/SKILL.md
  runtime: null
  scope: project
  owners:
  - jandedobbeleer/agentic/skills/code-changes
  active_owner: jandedobbeleer/agentic/skills/code-changes
  content_hash: sha256:e8332f89a1b1c4bfbf897d563357a939bacd607116708062726720c0c74ec184
- kind: project-relative
  target: claude
  value: .claude/skills/code-changes/references/analyze.md
  runtime: null
  scope: project
  owners:
  - jandedobbeleer/agentic/skills/code-changes
  active_owner: jandedobbeleer/agentic/skills/code-changes
  content_hash: sha256:0a1e4825d315f44f58f13851716b42a9a6a54f6b7a6b17aa101b97d3d1fde75b
- kind: project-relative
  target: claude
  value: .claude/skills/code-changes/references/delegate.md
  runtime: null
  scope: project
  owners:
  - jandedobbeleer/agentic/skills/code-changes
  active_owner: jandedobbeleer/agentic/skills/code-changes
  content_hash: sha256:cfb559d02fd17dd323d89261bea6fa4ce7a59a01ac616c06a43cf88173df2ba0
- kind: project-relative
  target: claude
  value: .claude/skills/code-changes/references/deliver.md
  runtime: null
  scope: project
  owners:
  - jandedobbeleer/agentic/skills/code-changes
  active_owner: jandedobbeleer/agentic/skills/code-changes
  content_hash: sha256:f4bdbb7f85966aa281c7831acaac981691882960fba14752ffe43e5a3a90cca7
- kind: project-relative
  target: claude
  value: .claude/skills/code-changes/references/escalate.md
  runtime: null
  scope: project
  owners:
  - jandedobbeleer/agentic/skills/code-changes
  active_owner: jandedobbeleer/agentic/skills/code-changes
  content_hash: sha256:b240512bcc3764ee82fbf880c11d74f4b73e4bee640e64d55ad62fea70484874
- kind: project-relative
  target: claude
  value: .claude/skills/code-changes/references/issue-triage.md
  runtime: null
  scope: project
  owners:
  - jandedobbeleer/agentic/skills/code-changes
  active_owner: jandedobbeleer/agentic/skills/code-changes
  content_hash: sha256:7e92dad2274802263787f22f80ca5dcf2a2614fd4460650b19cfc5ec904169c2
- kind: project-relative
  target: claude
  value: .claude/skills/code-changes/references/model-tiers.md
  runtime: null
  scope: project
  owners:
  - jandedobbeleer/agentic/skills/code-changes
  active_owner: jandedobbeleer/agentic/skills/code-changes
  content_hash: sha256:0d21f6f1456bd2ff7f97ece0e181660c9e6270eb1530ad81a6d5a1b324dc0111
- kind: project-relative
  target: claude
  value: .claude/skills/code-changes/references/plan.md
  runtime: null
  scope: project
  owners:
  - jandedobbeleer/agentic/skills/code-changes
  active_owner: jandedobbeleer/agentic/skills/code-changes
  content_hash: sha256:6f299e0b7c5e7677277bc570d1b76e92f4387a8d37de4877447225e80db36801
- kind: project-relative
  target: claude
  value: .claude/skills/code-changes/references/pr-review-comments.md
  runtime: null
  scope: project
  owners:
  - jandedobbeleer/agentic/skills/code-changes
  active_owner: jandedobbeleer/agentic/skills/code-changes
  content_hash: sha256:ff3d4be9488c4363b55947ddea07dc350e52d26fe656b4155b5a621cdb37a1c9
- kind: project-relative
  target: claude
  value: .claude/skills/code-changes/references/supervise.md
  runtime: null
  scope: project
  owners:
  - jandedobbeleer/agentic/skills/code-changes
  active_owner: jandedobbeleer/agentic/skills/code-changes
  content_hash: sha256:6c17cd74c4cac7bfc73d7be7e271f1470662e569e26c6667a5b16a702bd6d9c3
- kind: project-relative
  target: claude
  value: .claude/skills/code-changes/references/verify.md
  runtime: null
  scope: project
  owners:
  - jandedobbeleer/agentic/skills/code-changes
  active_owner: jandedobbeleer/agentic/skills/code-changes
  content_hash: sha256:54530e1e5c4d54000b1046f141cd621e834aeb0c6176f95b76dca35a33c53fc9
- kind: project-relative
  target: claude
  value: .claude/skills/conventional-commit
  runtime: null
  scope: project
  owners:
  - jandedobbeleer/agentic/skills/conventional-commit
  active_owner: jandedobbeleer/agentic/skills/conventional-commit
  content_hash: null
- kind: project-relative
  target: claude
  value: .claude/skills/conventional-commit/SKILL.md
  runtime: null
  scope: project
  owners:
  - jandedobbeleer/agentic/skills/conventional-commit
  active_owner: jandedobbeleer/agentic/skills/conventional-commit
  content_hash: sha256:05f6b10c1909b9975410639901c713359e94d358b7b7dbc1e606d5356846d229
- kind: project-relative
  target: claude
  value: .claude/skills/golang
  runtime: null
  scope: project
  owners:
  - jandedobbeleer/agentic/skills/golang
  active_owner: jandedobbeleer/agentic/skills/golang
  content_hash: null
- kind: project-relative
  target: claude
  value: .claude/skills/golang/SKILL.md
  runtime: null
  scope: project
  owners:
  - jandedobbeleer/agentic/skills/golang
  active_owner: jandedobbeleer/agentic/skills/golang
  content_hash: sha256:89ff95bbb7d575eafb790bb079e7bdaf6392a71de67b1b835ff70bad1133af2d
- kind: project-relative
  target: claude
  value: .claude/skills/markdown
  runtime: null
  scope: project
  owners:
  - jandedobbeleer/agentic/skills/markdown
  active_owner: jandedobbeleer/agentic/skills/markdown
  content_hash: null
- kind: project-relative
  target: claude
  value: .claude/skills/markdown/SKILL.md
  runtime: null
  scope: project
  owners:
  - jandedobbeleer/agentic/skills/markdown
  active_owner: jandedobbeleer/agentic/skills/markdown
  content_hash: sha256:841c2953f949e0e5a1641e895a88f8e9ab4b7e7fab6824728cc22fbdcaba4d8d
- kind: project-relative
  target: claude
  value: .claude/skills/powershell
  runtime: null
  scope: project
  owners:
  - jandedobbeleer/agentic/skills/powershell
  active_owner: jandedobbeleer/agentic/skills/powershell
  content_hash: null
- kind: project-relative
  target: claude
  value: .claude/skills/powershell/SKILL.md
  runtime: null
  scope: project
  owners:
  - jandedobbeleer/agentic/skills/powershell
  active_owner: jandedobbeleer/agentic/skills/powershell
  content_hash: sha256:cedf9f49815cf9d78bcad7907b835707d037960e71e7481081771c086d346692
- kind: project-relative
  target: claude
  value: .claude/skills/writing-clearly-and-concisely
  runtime: null
  scope: project
  owners:
  - jandedobbeleer/agentic/skills/writing-clearly-and-concisely
  active_owner: jandedobbeleer/agentic/skills/writing-clearly-and-concisely
  content_hash: null
- kind: project-relative
  target: claude
  value: .claude/skills/writing-clearly-and-concisely/README.md
  runtime: null
  scope: project
  owners:
  - jandedobbeleer/agentic/skills/writing-clearly-and-concisely
  active_owner: jandedobbeleer/agentic/skills/writing-clearly-and-concisely
  content_hash: sha256:414bb2a9fac3047aff54e4374c7e59a2a177ec040f57f6f8f1a13e13e49fb03f
- kind: project-relative
  target: claude
  value: .claude/skills/writing-clearly-and-concisely/SKILL.md
  runtime: null
  scope: project
  owners:
  - jandedobbeleer/agentic/skills/writing-clearly-and-concisely
  active_owner: jandedobbeleer/agentic/skills/writing-clearly-and-concisely
  content_hash: sha256:0cc10a76b43682f155487bda2beb869230f45f1fb663dd6a584a027471b5549d
- kind: project-relative
  target: claude
  value: .claude/skills/writing-clearly-and-concisely/elements-of-style/01-introductory.md
  runtime: null
  scope: project
  owners:
  - jandedobbeleer/agentic/skills/writing-clearly-and-concisely
  active_owner: jandedobbeleer/agentic/skills/writing-clearly-and-concisely
  content_hash: sha256:21aa439a1369d7e981175d54095766d8ca559b05d322f1fb6e6d9c28c567f112
- kind: project-relative
  target: claude
  value: .claude/skills/writing-clearly-and-concisely/elements-of-style/02-elementary-rules-of-usage.md
  runtime: null
  scope: project
  owners:
  - jandedobbeleer/agentic/skills/writing-clearly-and-concisely
  active_owner: jandedobbeleer/agentic/skills/writing-clearly-and-concisely
  content_hash: sha256:f04f567c13b09af4b59e461878756aa8fedcec584f62415dd0f9f27fcdeb4d10
- kind: project-relative
  target: claude
  value: .claude/skills/writing-clearly-and-concisely/elements-of-style/03-elementary-principles-of-composition.md
  runtime: null
  scope: project
  owners:
  - jandedobbeleer/agentic/skills/writing-clearly-and-concisely
  active_owner: jandedobbeleer/agentic/skills/writing-clearly-and-concisely
  content_hash: sha256:711f86b49743bcbd0e2f87d4db41fea037d1988d2c3314410664a9b42df62c89
- kind: project-relative
  target: claude
  value: .claude/skills/writing-clearly-and-concisely/elements-of-style/04-a-few-matters-of-form.md
  runtime: null
  scope: project
  owners:
  - jandedobbeleer/agentic/skills/writing-clearly-and-concisely
  active_owner: jandedobbeleer/agentic/skills/writing-clearly-and-concisely
  content_hash: sha256:79bbf6be240476be357fb1ea4683822c1ec4b0602850d33f8ed288274ff30596
- kind: project-relative
  target: claude
  value: .claude/skills/writing-clearly-and-concisely/elements-of-style/05-words-and-expressions-commonly-misused.md
  runtime: null
  scope: project
  owners:
  - jandedobbeleer/agentic/skills/writing-clearly-and-concisely
  active_owner: jandedobbeleer/agentic/skills/writing-clearly-and-concisely
  content_hash: sha256:e5d48a2afc1e0f0ab104ec90367c8d2f8cbe5eef7de14f4ba80ac55d585dc354
- kind: project-relative
  target: claude
  value: .claude/skills/writing-clearly-and-concisely/signs-of-ai-writing.md
  runtime: null
  scope: project
  owners:
  - jandedobbeleer/agentic/skills/writing-clearly-and-concisely
  active_owner: jandedobbeleer/agentic/skills/writing-clearly-and-concisely
  content_hash: sha256:0673d95e92d3901830697398fa9399934f501be145b054eb9a35dc95622d7825
- kind: project-relative
  target: copilot
  value: .agents/skills/ast-grep
  runtime: null
  scope: project
  owners:
  - ast-grep/agent-skill/ast-grep/skills/ast-grep
  active_owner: ast-grep/agent-skill/ast-grep/skills/ast-grep
  content_hash: null
- kind: project-relative
  target: copilot
  value: .agents/skills/ast-grep/SKILL.md
  runtime: null
  scope: project
  owners:
  - ast-grep/agent-skill/ast-grep/skills/ast-grep
  active_owner: ast-grep/agent-skill/ast-grep/skills/ast-grep
  content_hash: sha256:1d356580b6d3af4feb5722e820b1c34041f6e90162c063f1c63fce3f21c72543
- kind: project-relative
  target: copilot
  value: .agents/skills/ast-grep/references/rule_reference.md
  runtime: null
  scope: project
  owners:
  - ast-grep/agent-skill/ast-grep/skills/ast-grep
  active_owner: ast-grep/agent-skill/ast-grep/skills/ast-grep
  content_hash: sha256:9f6d2ba2f2dbde059f61f426c262abe943f548984496962c43c7cc6e44813ad6
- kind: project-relative
  target: copilot
  value: .agents/skills/code-changes
  runtime: null
  scope: project
  owners:
  - jandedobbeleer/agentic/skills/code-changes
  active_owner: jandedobbeleer/agentic/skills/code-changes
  content_hash: null
- kind: project-relative
  target: copilot
  value: .agents/skills/code-changes/SKILL.md
  runtime: null
  scope: project
  owners:
  - jandedobbeleer/agentic/skills/code-changes
  active_owner: jandedobbeleer/agentic/skills/code-changes
  content_hash: sha256:e8332f89a1b1c4bfbf897d563357a939bacd607116708062726720c0c74ec184
- kind: project-relative
  target: copilot
  value: .agents/skills/code-changes/references/analyze.md
  runtime: null
  scope: project
  owners:
  - jandedobbeleer/agentic/skills/code-changes
  active_owner: jandedobbeleer/agentic/skills/code-changes
  content_hash: sha256:0a1e4825d315f44f58f13851716b42a9a6a54f6b7a6b17aa101b97d3d1fde75b
- kind: project-relative
  target: copilot
  value: .agents/skills/code-changes/references/delegate.md
  runtime: null
  scope: project
  owners:
  - jandedobbeleer/agentic/skills/code-changes
  active_owner: jandedobbeleer/agentic/skills/code-changes
  content_hash: sha256:cfb559d02fd17dd323d89261bea6fa4ce7a59a01ac616c06a43cf88173df2ba0
- kind: project-relative
  target: copilot
  value: .agents/skills/code-changes/references/deliver.md
  runtime: null
  scope: project
  owners:
  - jandedobbeleer/agentic/skills/code-changes
  active_owner: jandedobbeleer/agentic/skills/code-changes
  content_hash: sha256:f4bdbb7f85966aa281c7831acaac981691882960fba14752ffe43e5a3a90cca7
- kind: project-relative
  target: copilot
  value: .agents/skills/code-changes/references/escalate.md
  runtime: null
  scope: project
  owners:
  - jandedobbeleer/agentic/skills/code-changes
  active_owner: jandedobbeleer/agentic/skills/code-changes
  content_hash: sha256:b240512bcc3764ee82fbf880c11d74f4b73e4bee640e64d55ad62fea70484874
- kind: project-relative
  target: copilot
  value: .agents/skills/code-changes/references/issue-triage.md
  runtime: null
  scope: project
  owners:
  - jandedobbeleer/agentic/skills/code-changes
  active_owner: jandedobbeleer/agentic/skills/code-changes
  content_hash: sha256:7e92dad2274802263787f22f80ca5dcf2a2614fd4460650b19cfc5ec904169c2
- kind: project-relative
  target: copilot
  value: .agents/skills/code-changes/references/model-tiers.md
  runtime: null
  scope: project
  owners:
  - jandedobbeleer/agentic/skills/code-changes
  active_owner: jandedobbeleer/agentic/skills/code-changes
  content_hash: sha256:0d21f6f1456bd2ff7f97ece0e181660c9e6270eb1530ad81a6d5a1b324dc0111
- kind: project-relative
  target: copilot
  value: .agents/skills/code-changes/references/plan.md
  runtime: null
  scope: project
  owners:
  - jandedobbeleer/agentic/skills/code-changes
  active_owner: jandedobbeleer/agentic/skills/code-changes
  content_hash: sha256:6f299e0b7c5e7677277bc570d1b76e92f4387a8d37de4877447225e80db36801
- kind: project-relative
  target: copilot
  value: .agents/skills/code-changes/references/pr-review-comments.md
  runtime: null
  scope: project
  owners:
  - jandedobbeleer/agentic/skills/code-changes
  active_owner: jandedobbeleer/agentic/skills/code-changes
  content_hash: sha256:ff3d4be9488c4363b55947ddea07dc350e52d26fe656b4155b5a621cdb37a1c9
- kind: project-relative
  target: copilot
  value: .agents/skills/code-changes/references/supervise.md
  runtime: null
  scope: project
  owners:
  - jandedobbeleer/agentic/skills/code-changes
  active_owner: jandedobbeleer/agentic/skills/code-changes
  content_hash: sha256:6c17cd74c4cac7bfc73d7be7e271f1470662e569e26c6667a5b16a702bd6d9c3
- kind: project-relative
  target: copilot
  value: .agents/skills/code-changes/references/verify.md
  runtime: null
  scope: project
  owners:
  - jandedobbeleer/agentic/skills/code-changes
  active_owner: jandedobbeleer/agentic/skills/code-changes
  content_hash: sha256:54530e1e5c4d54000b1046f141cd621e834aeb0c6176f95b76dca35a33c53fc9
- kind: project-relative
  target: copilot
  value: .agents/skills/conventional-commit
  runtime: null
  scope: project
  owners:
  - jandedobbeleer/agentic/skills/conventional-commit
  active_owner: jandedobbeleer/agentic/skills/conventional-commit
  content_hash: null
- kind: project-relative
  target: copilot
  value: .agents/skills/conventional-commit/SKILL.md
  runtime: null
  scope: project
  owners:
  - jandedobbeleer/agentic/skills/conventional-commit
  active_owner: jandedobbeleer/agentic/skills/conventional-commit
  content_hash: sha256:05f6b10c1909b9975410639901c713359e94d358b7b7dbc1e606d5356846d229
- kind: project-relative
  target: copilot
  value: .agents/skills/golang
  runtime: null
  scope: project
  owners:
  - jandedobbeleer/agentic/skills/golang
  active_owner: jandedobbeleer/agentic/skills/golang
  content_hash: null
- kind: project-relative
  target: copilot
  value: .agents/skills/golang/SKILL.md
  runtime: null
  scope: project
  owners:
  - jandedobbeleer/agentic/skills/golang
  active_owner: jandedobbeleer/agentic/skills/golang
  content_hash: sha256:89ff95bbb7d575eafb790bb079e7bdaf6392a71de67b1b835ff70bad1133af2d
- kind: project-relative
  target: copilot
  value: .agents/skills/markdown
  runtime: null
  scope: project
  owners:
  - jandedobbeleer/agentic/skills/markdown
  active_owner: jandedobbeleer/agentic/skills/markdown
  content_hash: null
- kind: project-relative
  target: copilot
  value: .agents/skills/markdown/SKILL.md
  runtime: null
  scope: project
  owners:
  - jandedobbeleer/agentic/skills/markdown
  active_owner: jandedobbeleer/agentic/skills/markdown
  content_hash: sha256:841c2953f949e0e5a1641e895a88f8e9ab4b7e7fab6824728cc22fbdcaba4d8d
- kind: project-relative
  target: copilot
  value: .agents/skills/powershell
  runtime: null
  scope: project
  owners:
  - jandedobbeleer/agentic/skills/powershell
  active_owner: jandedobbeleer/agentic/skills/powershell
  content_hash: null
- kind: project-relative
  target: copilot
  value: .agents/skills/powershell/SKILL.md
  runtime: null
  scope: project
  owners:
  - jandedobbeleer/agentic/skills/powershell
  active_owner: jandedobbeleer/agentic/skills/powershell
  content_hash: sha256:cedf9f49815cf9d78bcad7907b835707d037960e71e7481081771c086d346692
- kind: project-relative
  target: copilot
  value: .agents/skills/writing-clearly-and-concisely
  runtime: null
  scope: project
  owners:
  - jandedobbeleer/agentic/skills/writing-clearly-and-concisely
  active_owner: jandedobbeleer/agentic/skills/writing-clearly-and-concisely
  content_hash: null
- kind: project-relative
  target: copilot
  value: .agents/skills/writing-clearly-and-concisely/README.md
  runtime: null
  scope: project
  owners:
  - jandedobbeleer/agentic/skills/writing-clearly-and-concisely
  active_owner: jandedobbeleer/agentic/skills/writing-clearly-and-concisely
  content_hash: sha256:414bb2a9fac3047aff54e4374c7e59a2a177ec040f57f6f8f1a13e13e49fb03f
- kind: project-relative
  target: copilot
  value: .agents/skills/writing-clearly-and-concisely/SKILL.md
  runtime: null
  scope: project
  owners:
  - jandedobbeleer/agentic/skills/writing-clearly-and-concisely
  active_owner: jandedobbeleer/agentic/skills/writing-clearly-and-concisely
  content_hash: sha256:0cc10a76b43682f155487bda2beb869230f45f1fb663dd6a584a027471b5549d
- kind: project-relative
  target: copilot
  value: .agents/skills/writing-clearly-and-concisely/elements-of-style/01-introductory.md
  runtime: null
  scope: project
  owners:
  - jandedobbeleer/agentic/skills/writing-clearly-and-concisely
  active_owner: jandedobbeleer/agentic/skills/writing-clearly-and-concisely
  content_hash: sha256:21aa439a1369d7e981175d54095766d8ca559b05d322f1fb6e6d9c28c567f112
- kind: project-relative
  target: copilot
  value: .agents/skills/writing-clearly-and-concisely/elements-of-style/02-elementary-rules-of-usage.md
  runtime: null
  scope: project
  owners:
  - jandedobbeleer/agentic/skills/writing-clearly-and-concisely
  active_owner: jandedobbeleer/agentic/skills/writing-clearly-and-concisely
  content_hash: sha256:f04f567c13b09af4b59e461878756aa8fedcec584f62415dd0f9f27fcdeb4d10
- kind: project-relative
  target: copilot
  value: .agents/skills/writing-clearly-and-concisely/elements-of-style/03-elementary-principles-of-composition.md
  runtime: null
  scope: project
  owners:
  - jandedobbeleer/agentic/skills/writing-clearly-and-concisely
  active_owner: jandedobbeleer/agentic/skills/writing-clearly-and-concisely
  content_hash: sha256:711f86b49743bcbd0e2f87d4db41fea037d1988d2c3314410664a9b42df62c89
- kind: project-relative
  target: copilot
  value: .agents/skills/writing-clearly-and-concisely/elements-of-style/04-a-few-matters-of-form.md
  runtime: null
  scope: project
  owners:
  - jandedobbeleer/agentic/skills/writing-clearly-and-concisely
  active_owner: jandedobbeleer/agentic/skills/writing-clearly-and-concisely
  content_hash: sha256:79bbf6be240476be357fb1ea4683822c1ec4b0602850d33f8ed288274ff30596
- kind: project-relative
  target: copilot
  value: .agents/skills/writing-clearly-and-concisely/elements-of-style/05-words-and-expressions-commonly-misused.md
  runtime: null
  scope: project
  owners:
  - jandedobbeleer/agentic/skills/writing-clearly-and-concisely
  active_owner: jandedobbeleer/agentic/skills/writing-clearly-and-concisely
  content_hash: sha256:e5d48a2afc1e0f0ab104ec90367c8d2f8cbe5eef7de14f4ba80ac55d585dc354
- kind: project-relative
  target: copilot
  value: .agents/skills/writing-clearly-and-concisely/signs-of-ai-writing.md
  runtime: null
  scope: project
  owners:
  - jandedobbeleer/agentic/skills/writing-clearly-and-concisely
  active_owner: jandedobbeleer/agentic/skills/writing-clearly-and-concisely
  content_hash: sha256:0673d95e92d3901830697398fa9399934f501be145b054eb9a35dc95622d7825
- kind: project-relative
  target: copilot
  value: .github/instructions/golang.instructions.md
  runtime: null
  scope: project
  owners:
  - jandedobbeleer/agentic/instructions/golang.instructions.md
  active_owner: jandedobbeleer/agentic/instructions/golang.instructions.md
  content_hash: sha256:7e2bf2dc56999c5da01a6a7f747b52048c31f266ed781fb55a19013d52f61aae
- kind: project-relative
  target: copilot
  value: .github/instructions/markdown.instructions.md
  runtime: null
  scope: project
  owners:
  - jandedobbeleer/agentic/instructions/markdown.instructions.md
  active_owner: jandedobbeleer/agentic/instructions/markdown.instructions.md
  content_hash: sha256:4ba0d28521d57c6833f049ee23420e2466a545caa93dbbe587dedef7904af66c
- kind: project-relative
  target: copilot
  value: .github/instructions/powershell.instructions.md
  runtime: null
  scope: project
  owners:
  - jandedobbeleer/agentic/instructions/powershell.instructions.md
  active_owner: jandedobbeleer/agentic/instructions/powershell.instructions.md
  content_hash: sha256:3a701d9eb8b29dd213028151a411a0af05cd5d476e88a0e9bab5a2cd66e8273d
