# This file is autogenerated, do not edit; changes may be undone by the next 'dep ensure'.


[[projects]]
  digest = "1:ffe9824d294da03b391f44e1ae8281281b4afc1bdaa9588c9097785e3af10cec"
  name = "github.com/davecgh/go-spew"
  packages = ["spew"]
  pruneopts = "UT"
  revision = "8991bc29aa16c548c550c7ff78260e27b9ab7c73"
  version = "v1.1.1"

[[projects]]
  branch = "master"
  digest = "1:aca47c80c4e1d2e2a1510d387eacefd10b5d96a53b851b482dc8d186f6de4d30"
  name = "github.com/distatus/battery"
  packages = ["."]
  pruneopts = "UT"
  revision = "bb0a7566dbb8123391059c4d040baf50cd3e15a5"
  source = "github.com/JanDeDobbeleer/battery"

[[projects]]
  branch = "master"
  digest = "1:837f5d8c0bffa54d9d8acd26a196c637119c20ea67e5f61b9a2dbc9da8ca2f62"
  name = "github.com/gookit/color"
  packages = ["."]
  pruneopts = "UT"
  revision = "5ffcdf66388a6c614511a0e9b34e3c325a8195f8"
  source = "github.com/JanDeDobbeleer/color"

[[projects]]
  branch = "master"
  digest = "1:69530a15507094162be4eb3180c1d68b787177e8c9bbe76d4da40d44d6586f6f"
  name = "github.com/mitchellh/go-ps"
  packages = ["."]
  pruneopts = "UT"
  revision = "147ff83818ae939913b2e20b91ae3cd6c391771c"
  source = "github.com/JanDeDobbeleer/go-ps"

[[projects]]
  digest = "1:0028cb19b2e4c3112225cd871870f2d9cf49b9b4276531f03438a88e94be86fe"
  name = "github.com/pmezard/go-difflib"
  packages = ["difflib"]
  pruneopts = "UT"
  revision = "792786c7400a136282c1664665ae0a8db921c6c2"
  version = "v1.0.0"

[[projects]]
  digest = "1:86ff4af7b6bb3d27c2e89b5ef8c139678acff1cad74a3c5235fc5af6b94fcc9e"
  name = "github.com/stretchr/objx"
  packages = ["."]
  pruneopts = "UT"
  revision = "35313a95ee26395aa17d366c71a2ccf788fa69b6"
  version = "v0.3.0"

[[projects]]
  digest = "1:e1dec70f3d761a66432fa0c7f2b38a63cbe9d91761a50102def809ecf133cec4"
  name = "github.com/stretchr/testify"
  packages = [
    "assert",
    "mock",
  ]
  pruneopts = "UT"
  revision = "f654a9112bbeac49ca2cd45bfbe11533c4666cf8"
  source = "github.com/stretchr/testify"
  version = "v1.6.1"

[[projects]]
  branch = "master"
  digest = "1:dadec693126ed6aaec5296f94ba86bb6eb47ffc8e97fb963547a1d6b92b2b1b6"
  name = "golang.org/x/sys"
  packages = [
    "internal/unsafeheader",
    "unix",
    "windows",
  ]
  pruneopts = "UT"
  revision = "cc95f250f6bc3b018920acb1f50bc5aa1f6bd725"

[[projects]]
  digest = "1:a2c690dfee42801a26a0e88f69206feca8a3c2437fd476d84767468d7d7708e9"
  name = "golang.org/x/text"
  packages = [
    "internal/gen",
    "internal/triegen",
    "internal/ucd",
    "transform",
    "unicode/cldr",
    "unicode/norm",
  ]
  pruneopts = "UT"
  revision = "23ae387dee1f90d29a23c0e87ee0b46038fbed0e"
  source = "golang.org/x/text"
  version = "v0.3.3"

[[projects]]
  branch = "v3"
  digest = "1:229cb0f6192914f518cc1241ede6d6f1f458b31debfa18bf3a5c9e4f7b01e24b"
  name = "gopkg.in/yaml.v3"
  packages = ["."]
  pruneopts = "UT"
  revision = "eeeca48fe7764f320e4870d231902bf9c1be2c08"

[[projects]]
  branch = "master"
  digest = "1:b5ead2120cd278858a83be14ef551f54295da350033dbc3f227fe0298b880256"
  name = "howett.net/plist"
  packages = ["."]
  pruneopts = "UT"
  revision = "3b63eb3a43b59c776909681ed1fcb412b47d3c9a"

[solve-meta]
  analyzer-name = "dep"
  analyzer-version = 1
  input-imports = [
    "github.com/distatus/battery",
    "github.com/gookit/color",
    "github.com/mitchellh/go-ps",
    "github.com/stretchr/testify/assert",
    "github.com/stretchr/testify/mock",
    "golang.org/x/sys/windows",
    "golang.org/x/text/unicode/norm",
  ]
  solver-name = "gps-cdcl"
  solver-version = 1
