{
  "name": "bluesky",
  "lockfileVersion": 2,
  "requires": true,
  "packages": {
    "": {
      "dependencies": {
        "@atproto/api": "^0.2.11",
        "@octokit/rest": "^19.0.7"
      }
    },
    "node_modules/@atproto/api": {
      "version": "0.2.11",
      "resolved": "https://registry.npmjs.org/@atproto/api/-/api-0.2.11.tgz",
      "integrity": "sha512-5JY1Ii/81Bcy1ZTGRqALsaOdc8fIJTSlMNoSptpGH73uAPQE93weDrb8sc3KoxWi1G2ss3IIBSLPJWxALocJSQ==",
      "dependencies": {
        "@atproto/common-web": "*",
        "@atproto/uri": "*",
        "@atproto/xrpc": "*",
        "tlds": "^1.234.0",
        "typed-emitter": "^2.1.0"
      }
    },
    "node_modules/@atproto/common-web": {
      "version": "0.1.0",
      "resolved": "https://registry.npmjs.org/@atproto/common-web/-/common-web-0.1.0.tgz",
      "integrity": "sha512-qD6xF60hvH+cP++fk/mt+0S9cxs94KsK+rNWypNlgnlp7r9By4ltXwtDSR/DNTA8mwDeularUno4VbTd2IWIzA==",
      "dependencies": {
        "multiformats": "^9.6.4",
        "uint8arrays": "3.0.0",
        "zod": "^3.14.2"
      }
    },
    "node_modules/@atproto/identifier": {
      "version": "0.1.0",
      "resolved": "https://registry.npmjs.org/@atproto/identifier/-/identifier-0.1.0.tgz",
      "integrity": "sha512-3LV7+4E6S0k8Rru7NBkyDF6Zf6NHVUXVS9d4l9fiXWMC49ghZMjq0vPmz80xjG1rRuFdJFbpRf4ApFciGxLIyQ==",
      "dependencies": {
        "@atproto/common-web": "*"
      }
    },
    "node_modules/@atproto/lexicon": {
      "version": "0.1.0",
      "resolved": "https://registry.npmjs.org/@atproto/lexicon/-/lexicon-0.1.0.tgz",
      "integrity": "sha512-Iy+gV9w42xLhrZrmcbZh7VFoHjXuzWvecGHIfz44owNjjv7aE/d2P5BbOX/XicSkmQ8Qkpg0BqwYDD1XBVS+DQ==",
      "dependencies": {
        "@atproto/common-web": "*",
        "@atproto/identifier": "*",
        "@atproto/nsid": "*",
        "@atproto/uri": "*",
        "iso-datestring-validator": "^2.2.2",
        "multiformats": "^9.6.4",
        "zod": "^3.14.2"
      }
    },
    "node_modules/@atproto/nsid": {
      "version": "0.0.1",
      "resolved": "https://registry.npmjs.org/@atproto/nsid/-/nsid-0.0.1.tgz",
      "integrity": "sha512-t5M6/CzWBVYoBbIvfKDpqPj/+ZmyoK9ydZSStcTXosJ27XXwOPhz0VDUGKK2SM9G5Y7TPes8S5KTAU0UdVYFCw=="
    },
    "node_modules/@atproto/uri": {
      "version": "0.0.2",
      "resolved": "https://registry.npmjs.org/@atproto/uri/-/uri-0.0.2.tgz",
      "integrity": "sha512-/6otLZF7BLpT9suSdHuXLbL12nINcWPsLmcOI+dctqovWUjH+XIRVNXDQgBYSrPVetxMiknuEwWelmnA33AEXg==",
      "dependencies": {
        "@atproto/identifier": "*",
        "@atproto/nsid": "*"
      }
    },
    "node_modules/@atproto/xrpc": {
      "version": "0.1.0",
      "resolved": "https://registry.npmjs.org/@atproto/xrpc/-/xrpc-0.1.0.tgz",
      "integrity": "sha512-LhBeZkQwPezjEtricGYnG62udFglOqlnmMSS0KyWgEAPi4KMp4H2F4jNoXcf5NPtZ9S4N4hJaErHX4PJYv2lfA==",
      "dependencies": {
        "@atproto/lexicon": "*",
        "zod": "^3.14.2"
      }
    },
    "node_modules/@octokit/auth-token": {
      "version": "3.0.3",
      "resolved": "https://registry.npmjs.org/@octokit/auth-token/-/auth-token-3.0.3.tgz",
      "integrity": "sha512-/aFM2M4HVDBT/jjDBa84sJniv1t9Gm/rLkalaz9htOm+L+8JMj1k9w0CkUdcxNyNxZPlTxKPVko+m1VlM58ZVA==",
      "dependencies": {
        "@octokit/types": "^9.0.0"
      },
      "engines": {
        "node": ">= 14"
      }
    },
    "node_modules/@octokit/core": {
      "version": "4.2.0",
      "resolved": "https://registry.npmjs.org/@octokit/core/-/core-4.2.0.tgz",
      "integrity": "sha512-AgvDRUg3COpR82P7PBdGZF/NNqGmtMq2NiPqeSsDIeCfYFOZ9gddqWNQHnFdEUf+YwOj4aZYmJnlPp7OXmDIDg==",
      "dependencies": {
        "@octokit/auth-token": "^3.0.0",
        "@octokit/graphql": "^5.0.0",
        "@octokit/request": "^6.0.0",
        "@octokit/request-error": "^3.0.0",
        "@octokit/types": "^9.0.0",
        "before-after-hook": "^2.2.0",
        "universal-user-agent": "^6.0.0"
      },
      "engines": {
        "node": ">= 14"
      }
    },
    "node_modules/@octokit/endpoint": {
      "version": "7.0.5",
      "resolved": "https://registry.npmjs.org/@octokit/endpoint/-/endpoint-7.0.5.tgz",
      "integrity": "sha512-LG4o4HMY1Xoaec87IqQ41TQ+glvIeTKqfjkCEmt5AIwDZJwQeVZFIEYXrYY6yLwK+pAScb9Gj4q+Nz2qSw1roA==",
      "dependencies": {
        "@octokit/types": "^9.0.0",
        "is-plain-object": "^5.0.0",
        "universal-user-agent": "^6.0.0"
      },
      "engines": {
        "node": ">= 14"
      }
    },
    "node_modules/@octokit/graphql": {
      "version": "5.0.5",
      "resolved": "https://registry.npmjs.org/@octokit/graphql/-/graphql-5.0.5.tgz",
      "integrity": "sha512-Qwfvh3xdqKtIznjX9lz2D458r7dJPP8l6r4GQkIdWQouZwHQK0mVT88uwiU2bdTU2OtT1uOlKpRciUWldpG0yQ==",
      "dependencies": {
        "@octokit/request": "^6.0.0",
        "@octokit/types": "^9.0.0",
        "universal-user-agent": "^6.0.0"
      },
      "engines": {
        "node": ">= 14"
      }
    },
    "node_modules/@octokit/openapi-types": {
      "version": "17.1.0",
      "resolved": "https://registry.npmjs.org/@octokit/openapi-types/-/openapi-types-17.1.0.tgz",
      "integrity": "sha512-rnI26BAITDZTo5vqFOmA7oX4xRd18rO+gcK4MiTpJmsRMxAw0JmevNjPsjpry1bb9SVNo56P/0kbiyXXa4QluA=="
    },
    "node_modules/@octokit/plugin-paginate-rest": {
      "version": "6.0.0",
      "resolved": "https://registry.npmjs.org/@octokit/plugin-paginate-rest/-/plugin-paginate-rest-6.0.0.tgz",
      "integrity": "sha512-Sq5VU1PfT6/JyuXPyt04KZNVsFOSBaYOAq2QRZUwzVlI10KFvcbUo8lR258AAQL1Et60b0WuVik+zOWKLuDZxw==",
      "dependencies": {
        "@octokit/types": "^9.0.0"
      },
      "engines": {
        "node": ">= 14"
      },
      "peerDependencies": {
        "@octokit/core": ">=4"
      }
    },
    "node_modules/@octokit/plugin-request-log": {
      "version": "1.0.4",
      "resolved": "https://registry.npmjs.org/@octokit/plugin-request-log/-/plugin-request-log-1.0.4.tgz",
      "integrity": "sha512-mLUsMkgP7K/cnFEw07kWqXGF5LKrOkD+lhCrKvPHXWDywAwuDUeDwWBpc69XK3pNX0uKiVt8g5z96PJ6z9xCFA==",
      "peerDependencies": {
        "@octokit/core": ">=3"
      }
    },
    "node_modules/@octokit/plugin-rest-endpoint-methods": {
      "version": "7.0.1",
      "resolved": "https://registry.npmjs.org/@octokit/plugin-rest-endpoint-methods/-/plugin-rest-endpoint-methods-7.0.1.tgz",
      "integrity": "sha512-pnCaLwZBudK5xCdrR823xHGNgqOzRnJ/mpC/76YPpNP7DybdsJtP7mdOwh+wYZxK5jqeQuhu59ogMI4NRlBUvA==",
      "dependencies": {
        "@octokit/types": "^9.0.0",
        "deprecation": "^2.3.1"
      },
      "engines": {
        "node": ">= 14"
      },
      "peerDependencies": {
        "@octokit/core": ">=3"
      }
    },
    "node_modules/@octokit/request": {
      "version": "6.2.3",
      "resolved": "https://registry.npmjs.org/@octokit/request/-/request-6.2.3.tgz",
      "integrity": "sha512-TNAodj5yNzrrZ/VxP+H5HiYaZep0H3GU0O7PaF+fhDrt8FPrnkei9Aal/txsN/1P7V3CPiThG0tIvpPDYUsyAA==",
      "dependencies": {
        "@octokit/endpoint": "^7.0.0",
        "@octokit/request-error": "^3.0.0",
        "@octokit/types": "^9.0.0",
        "is-plain-object": "^5.0.0",
        "node-fetch": "^2.6.7",
        "universal-user-agent": "^6.0.0"
      },
      "engines": {
        "node": ">= 14"
      }
    },
    "node_modules/@octokit/request-error": {
      "version": "3.0.3",
      "resolved": "https://registry.npmjs.org/@octokit/request-error/-/request-error-3.0.3.tgz",
      "integrity": "sha512-crqw3V5Iy2uOU5Np+8M/YexTlT8zxCfI+qu+LxUB7SZpje4Qmx3mub5DfEKSO8Ylyk0aogi6TYdf6kxzh2BguQ==",
      "dependencies": {
        "@octokit/types": "^9.0.0",
        "deprecation": "^2.0.0",
        "once": "^1.4.0"
      },
      "engines": {
        "node": ">= 14"
      }
    },
    "node_modules/@octokit/rest": {
      "version": "19.0.7",
      "resolved": "https://registry.npmjs.org/@octokit/rest/-/rest-19.0.7.tgz",
      "integrity": "sha512-HRtSfjrWmWVNp2uAkEpQnuGMJsu/+dBr47dRc5QVgsCbnIc1+GFEaoKBWkYG+zjrsHpSqcAElMio+n10c0b5JA==",
      "dependencies": {
        "@octokit/core": "^4.1.0",
        "@octokit/plugin-paginate-rest": "^6.0.0",
        "@octokit/plugin-request-log": "^1.0.4",
        "@octokit/plugin-rest-endpoint-methods": "^7.0.0"
      },
      "engines": {
        "node": ">= 14"
      }
    },
    "node_modules/@octokit/types": {
      "version": "9.2.0",
      "resolved": "https://registry.npmjs.org/@octokit/types/-/types-9.2.0.tgz",
      "integrity": "sha512-xySzJG4noWrIBFyMu4lg4tu9vAgNg9S0aoLRONhAEz6ueyi1evBzb40HitIosaYS4XOexphG305IVcLrIX/30g==",
      "dependencies": {
        "@octokit/openapi-types": "^17.1.0"
      }
    },
    "node_modules/before-after-hook": {
      "version": "2.2.3",
      "resolved": "https://registry.npmjs.org/before-after-hook/-/before-after-hook-2.2.3.tgz",
      "integrity": "sha512-NzUnlZexiaH/46WDhANlyR2bXRopNg4F/zuSA3OpZnllCUgRaOF2znDioDWrmbNVsuZk6l9pMquQB38cfBZwkQ=="
    },
    "node_modules/deprecation": {
      "version": "2.3.1",
      "resolved": "https://registry.npmjs.org/deprecation/-/deprecation-2.3.1.tgz",
      "integrity": "sha512-xmHIy4F3scKVwMsQ4WnVaS8bHOx0DmVwRywosKhaILI0ywMDWPtBSku2HNxRvF7jtwDRsoEwYQSfbxj8b7RlJQ=="
    },
    "node_modules/is-plain-object": {
      "version": "5.0.0",
      "resolved": "https://registry.npmjs.org/is-plain-object/-/is-plain-object-5.0.0.tgz",
      "integrity": "sha512-VRSzKkbMm5jMDoKLbltAkFQ5Qr7VDiTFGXxYFXXowVj387GeGNOCsOH6Msy00SGZ3Fp84b1Naa1psqgcCIEP5Q==",
      "engines": {
        "node": ">=0.10.0"
      }
    },
    "node_modules/iso-datestring-validator": {
      "version": "2.2.2",
      "resolved": "https://registry.npmjs.org/iso-datestring-validator/-/iso-datestring-validator-2.2.2.tgz",
      "integrity": "sha512-yLEMkBbLZTlVQqOnQ4FiMujR6T4DEcCb1xizmvXS+OxuhwcbtynoosRzdMA69zZCShCNAbi+gJ71FxZBBXx1SA=="
    },
    "node_modules/multiformats": {
      "version": "9.9.0",
      "resolved": "https://registry.npmjs.org/multiformats/-/multiformats-9.9.0.tgz",
      "integrity": "sha512-HoMUjhH9T8DDBNT+6xzkrd9ga/XiBI4xLr58LJACwK6G3HTOPeMz4nB4KJs33L2BelrIJa7P0VuNaVF3hMYfjg=="
    },
    "node_modules/node-fetch": {
      "version": "2.6.9",
      "resolved": "https://registry.npmjs.org/node-fetch/-/node-fetch-2.6.9.tgz",
      "integrity": "sha512-DJm/CJkZkRjKKj4Zi4BsKVZh3ValV5IR5s7LVZnW+6YMh0W1BfNA8XSs6DLMGYlId5F3KnA70uu2qepcR08Qqg==",
      "dependencies": {
        "whatwg-url": "^5.0.0"
      },
      "engines": {
        "node": "4.x || >=6.0.0"
      },
      "peerDependencies": {
        "encoding": "^0.1.0"
      },
      "peerDependenciesMeta": {
        "encoding": {
          "optional": true
        }
      }
    },
    "node_modules/once": {
      "version": "1.4.0",
      "resolved": "https://registry.npmjs.org/once/-/once-1.4.0.tgz",
      "integrity": "sha512-lNaJgI+2Q5URQBkccEKHTQOPaXdUxnZZElQTZY0MFUAuaEqe1E+Nyvgdz/aIyNi6Z9MzO5dv1H8n58/GELp3+w==",
      "dependencies": {
        "wrappy": "1"
      }
    },
    "node_modules/rxjs": {
      "version": "7.8.1",
      "resolved": "https://registry.npmjs.org/rxjs/-/rxjs-7.8.1.tgz",
      "integrity": "sha512-AA3TVj+0A2iuIoQkWEK/tqFjBq2j+6PO6Y0zJcvzLAFhEFIO3HL0vls9hWLncZbAAbK0mar7oZ4V079I/qPMxg==",
      "optional": true,
      "dependencies": {
        "tslib": "^2.1.0"
      }
    },
    "node_modules/tlds": {
      "version": "1.238.0",
      "resolved": "https://registry.npmjs.org/tlds/-/tlds-1.238.0.tgz",
      "integrity": "sha512-lFPF9pZFhLrPodaJ0wt9QIN0l8jOxqmUezGZnm7BfkDSVd9q667oVIJukLVzhF+4oW7uDlrLlfJrL5yu9RWwew==",
      "bin": {
        "tlds": "bin.js"
      }
    },
    "node_modules/tr46": {
      "version": "0.0.3",
      "resolved": "https://registry.npmjs.org/tr46/-/tr46-0.0.3.tgz",
      "integrity": "sha512-N3WMsuqV66lT30CrXNbEjx4GEwlow3v6rr4mCcv6prnfwhS01rkgyFdjPNBYd9br7LpXV1+Emh01fHnq2Gdgrw=="
    },
    "node_modules/tslib": {
      "version": "2.5.0",
      "resolved": "https://registry.npmjs.org/tslib/-/tslib-2.5.0.tgz",
      "integrity": "sha512-336iVw3rtn2BUK7ORdIAHTyxHGRIHVReokCR3XjbckJMK7ms8FysBfhLR8IXnAgy7T0PTPNBWKiH514FOW/WSg==",
      "optional": true
    },
    "node_modules/typed-emitter": {
      "version": "2.1.0",
      "resolved": "https://registry.npmjs.org/typed-emitter/-/typed-emitter-2.1.0.tgz",
      "integrity": "sha512-g/KzbYKbH5C2vPkaXGu8DJlHrGKHLsM25Zg9WuC9pMGfuvT+X25tZQWo5fK1BjBm8+UrVE9LDCvaY0CQk+fXDA==",
      "optionalDependencies": {
        "rxjs": "*"
      }
    },
    "node_modules/uint8arrays": {
      "version": "3.0.0",
      "resolved": "https://registry.npmjs.org/uint8arrays/-/uint8arrays-3.0.0.tgz",
      "integrity": "sha512-HRCx0q6O9Bfbp+HHSfQQKD7wU70+lydKVt4EghkdOvlK/NlrF90z+eXV34mUd48rNvVJXwkrMSPpCATkct8fJA==",
      "dependencies": {
        "multiformats": "^9.4.2"
      }
    },
    "node_modules/universal-user-agent": {
      "version": "6.0.0",
      "resolved": "https://registry.npmjs.org/universal-user-agent/-/universal-user-agent-6.0.0.tgz",
      "integrity": "sha512-isyNax3wXoKaulPDZWHQqbmIx1k2tb9fb3GGDBRxCscfYV2Ch7WxPArBsFEG8s/safwXTT7H4QGhaIkTp9447w=="
    },
    "node_modules/webidl-conversions": {
      "version": "3.0.1",
      "resolved": "https://registry.npmjs.org/webidl-conversions/-/webidl-conversions-3.0.1.tgz",
      "integrity": "sha512-2JAn3z8AR6rjK8Sm8orRC0h/bcl/DqL7tRPdGZ4I1CjdF+EaMLmYxBHyXuKL849eucPFhvBoxMsflfOb8kxaeQ=="
    },
    "node_modules/whatwg-url": {
      "version": "5.0.0",
      "resolved": "https://registry.npmjs.org/whatwg-url/-/whatwg-url-5.0.0.tgz",
      "integrity": "sha512-saE57nupxk6v3HY35+jzBwYa0rKSy0XR8JSxZPwgLr7ys0IBzhGviA1/TUGJLmSVqs8pb9AnvICXEuOHLprYTw==",
      "dependencies": {
        "tr46": "~0.0.3",
        "webidl-conversions": "^3.0.0"
      }
    },
    "node_modules/wrappy": {
      "version": "1.0.2",
      "resolved": "https://registry.npmjs.org/wrappy/-/wrappy-1.0.2.tgz",
      "integrity": "sha512-l4Sp/DRseor9wL6EvV2+TuQn63dMkPjZ/sp9XkghTEbV9KlPS1xUsZ3u7/IQO4wxtcFB4bgpQPRcR3QCvezPcQ=="
    },
    "node_modules/zod": {
      "version": "3.21.4",
      "resolved": "https://registry.npmjs.org/zod/-/zod-3.21.4.tgz",
      "integrity": "sha512-m46AKbrzKVzOzs/DZgVnG5H55N1sv1M8qZU3A8RIKbs3mrACDNeIOeilDymVb2HdmP8uwshOCF4uJ8uM9rCqJw==",
      "funding": {
        "url": "https://github.com/sponsors/colinhacks"
      }
    }
  },
  "dependencies": {
    "@atproto/api": {
      "version": "0.2.11",
      "resolved": "https://registry.npmjs.org/@atproto/api/-/api-0.2.11.tgz",
      "integrity": "sha512-5JY1Ii/81Bcy1ZTGRqALsaOdc8fIJTSlMNoSptpGH73uAPQE93weDrb8sc3KoxWi1G2ss3IIBSLPJWxALocJSQ==",
      "requires": {
        "@atproto/common-web": "*",
        "@atproto/uri": "*",
        "@atproto/xrpc": "*",
        "tlds": "^1.234.0",
        "typed-emitter": "^2.1.0"
      }
    },
    "@atproto/common-web": {
      "version": "0.1.0",
      "resolved": "https://registry.npmjs.org/@atproto/common-web/-/common-web-0.1.0.tgz",
      "integrity": "sha512-qD6xF60hvH+cP++fk/mt+0S9cxs94KsK+rNWypNlgnlp7r9By4ltXwtDSR/DNTA8mwDeularUno4VbTd2IWIzA==",
      "requires": {
        "multiformats": "^9.6.4",
        "uint8arrays": "3.0.0",
        "zod": "^3.14.2"
      }
    },
    "@atproto/identifier": {
      "version": "0.1.0",
      "resolved": "https://registry.npmjs.org/@atproto/identifier/-/identifier-0.1.0.tgz",
      "integrity": "sha512-3LV7+4E6S0k8Rru7NBkyDF6Zf6NHVUXVS9d4l9fiXWMC49ghZMjq0vPmz80xjG1rRuFdJFbpRf4ApFciGxLIyQ==",
      "requires": {
        "@atproto/common-web": "*"
      }
    },
    "@atproto/lexicon": {
      "version": "0.1.0",
      "resolved": "https://registry.npmjs.org/@atproto/lexicon/-/lexicon-0.1.0.tgz",
      "integrity": "sha512-Iy+gV9w42xLhrZrmcbZh7VFoHjXuzWvecGHIfz44owNjjv7aE/d2P5BbOX/XicSkmQ8Qkpg0BqwYDD1XBVS+DQ==",
      "requires": {
        "@atproto/common-web": "*",
        "@atproto/identifier": "*",
        "@atproto/nsid": "*",
        "@atproto/uri": "*",
        "iso-datestring-validator": "^2.2.2",
        "multiformats": "^9.6.4",
        "zod": "^3.14.2"
      }
    },
    "@atproto/nsid": {
      "version": "0.0.1",
      "resolved": "https://registry.npmjs.org/@atproto/nsid/-/nsid-0.0.1.tgz",
      "integrity": "sha512-t5M6/CzWBVYoBbIvfKDpqPj/+ZmyoK9ydZSStcTXosJ27XXwOPhz0VDUGKK2SM9G5Y7TPes8S5KTAU0UdVYFCw=="
    },
    "@atproto/uri": {
      "version": "0.0.2",
      "resolved": "https://registry.npmjs.org/@atproto/uri/-/uri-0.0.2.tgz",
      "integrity": "sha512-/6otLZF7BLpT9suSdHuXLbL12nINcWPsLmcOI+dctqovWUjH+XIRVNXDQgBYSrPVetxMiknuEwWelmnA33AEXg==",
      "requires": {
        "@atproto/identifier": "*",
        "@atproto/nsid": "*"
      }
    },
    "@atproto/xrpc": {
      "version": "0.1.0",
      "resolved": "https://registry.npmjs.org/@atproto/xrpc/-/xrpc-0.1.0.tgz",
      "integrity": "sha512-LhBeZkQwPezjEtricGYnG62udFglOqlnmMSS0KyWgEAPi4KMp4H2F4jNoXcf5NPtZ9S4N4hJaErHX4PJYv2lfA==",
      "requires": {
        "@atproto/lexicon": "*",
        "zod": "^3.14.2"
      }
    },
    "@octokit/auth-token": {
      "version": "3.0.3",
      "resolved": "https://registry.npmjs.org/@octokit/auth-token/-/auth-token-3.0.3.tgz",
      "integrity": "sha512-/aFM2M4HVDBT/jjDBa84sJniv1t9Gm/rLkalaz9htOm+L+8JMj1k9w0CkUdcxNyNxZPlTxKPVko+m1VlM58ZVA==",
      "requires": {
        "@octokit/types": "^9.0.0"
      }
    },
    "@octokit/core": {
      "version": "4.2.0",
      "resolved": "https://registry.npmjs.org/@octokit/core/-/core-4.2.0.tgz",
      "integrity": "sha512-AgvDRUg3COpR82P7PBdGZF/NNqGmtMq2NiPqeSsDIeCfYFOZ9gddqWNQHnFdEUf+YwOj4aZYmJnlPp7OXmDIDg==",
      "requires": {
        "@octokit/auth-token": "^3.0.0",
        "@octokit/graphql": "^5.0.0",
        "@octokit/request": "^6.0.0",
        "@octokit/request-error": "^3.0.0",
        "@octokit/types": "^9.0.0",
        "before-after-hook": "^2.2.0",
        "universal-user-agent": "^6.0.0"
      }
    },
    "@octokit/endpoint": {
      "version": "7.0.5",
      "resolved": "https://registry.npmjs.org/@octokit/endpoint/-/endpoint-7.0.5.tgz",
      "integrity": "sha512-LG4o4HMY1Xoaec87IqQ41TQ+glvIeTKqfjkCEmt5AIwDZJwQeVZFIEYXrYY6yLwK+pAScb9Gj4q+Nz2qSw1roA==",
      "requires": {
        "@octokit/types": "^9.0.0",
        "is-plain-object": "^5.0.0",
        "universal-user-agent": "^6.0.0"
      }
    },
    "@octokit/graphql": {
      "version": "5.0.5",
      "resolved": "https://registry.npmjs.org/@octokit/graphql/-/graphql-5.0.5.tgz",
      "integrity": "sha512-Qwfvh3xdqKtIznjX9lz2D458r7dJPP8l6r4GQkIdWQouZwHQK0mVT88uwiU2bdTU2OtT1uOlKpRciUWldpG0yQ==",
      "requires": {
        "@octokit/request": "^6.0.0",
        "@octokit/types": "^9.0.0",
        "universal-user-agent": "^6.0.0"
      }
    },
    "@octokit/openapi-types": {
      "version": "17.1.0",
      "resolved": "https://registry.npmjs.org/@octokit/openapi-types/-/openapi-types-17.1.0.tgz",
      "integrity": "sha512-rnI26BAITDZTo5vqFOmA7oX4xRd18rO+gcK4MiTpJmsRMxAw0JmevNjPsjpry1bb9SVNo56P/0kbiyXXa4QluA=="
    },
    "@octokit/plugin-paginate-rest": {
      "version": "6.0.0",
      "resolved": "https://registry.npmjs.org/@octokit/plugin-paginate-rest/-/plugin-paginate-rest-6.0.0.tgz",
      "integrity": "sha512-Sq5VU1PfT6/JyuXPyt04KZNVsFOSBaYOAq2QRZUwzVlI10KFvcbUo8lR258AAQL1Et60b0WuVik+zOWKLuDZxw==",
      "requires": {
        "@octokit/types": "^9.0.0"
      }
    },
    "@octokit/plugin-request-log": {
      "version": "1.0.4",
      "resolved": "https://registry.npmjs.org/@octokit/plugin-request-log/-/plugin-request-log-1.0.4.tgz",
      "integrity": "sha512-mLUsMkgP7K/cnFEw07kWqXGF5LKrOkD+lhCrKvPHXWDywAwuDUeDwWBpc69XK3pNX0uKiVt8g5z96PJ6z9xCFA==",
      "requires": {}
    },
    "@octokit/plugin-rest-endpoint-methods": {
      "version": "7.0.1",
      "resolved": "https://registry.npmjs.org/@octokit/plugin-rest-endpoint-methods/-/plugin-rest-endpoint-methods-7.0.1.tgz",
      "integrity": "sha512-pnCaLwZBudK5xCdrR823xHGNgqOzRnJ/mpC/76YPpNP7DybdsJtP7mdOwh+wYZxK5jqeQuhu59ogMI4NRlBUvA==",
      "requires": {
        "@octokit/types": "^9.0.0",
        "deprecation": "^2.3.1"
      }
    },
    "@octokit/request": {
      "version": "6.2.3",
      "resolved": "https://registry.npmjs.org/@octokit/request/-/request-6.2.3.tgz",
      "integrity": "sha512-TNAodj5yNzrrZ/VxP+H5HiYaZep0H3GU0O7PaF+fhDrt8FPrnkei9Aal/txsN/1P7V3CPiThG0tIvpPDYUsyAA==",
      "requires": {
        "@octokit/endpoint": "^7.0.0",
        "@octokit/request-error": "^3.0.0",
        "@octokit/types": "^9.0.0",
        "is-plain-object": "^5.0.0",
        "node-fetch": "^2.6.7",
        "universal-user-agent": "^6.0.0"
      }
    },
    "@octokit/request-error": {
      "version": "3.0.3",
      "resolved": "https://registry.npmjs.org/@octokit/request-error/-/request-error-3.0.3.tgz",
      "integrity": "sha512-crqw3V5Iy2uOU5Np+8M/YexTlT8zxCfI+qu+LxUB7SZpje4Qmx3mub5DfEKSO8Ylyk0aogi6TYdf6kxzh2BguQ==",
      "requires": {
        "@octokit/types": "^9.0.0",
        "deprecation": "^2.0.0",
        "once": "^1.4.0"
      }
    },
    "@octokit/rest": {
      "version": "19.0.7",
      "resolved": "https://registry.npmjs.org/@octokit/rest/-/rest-19.0.7.tgz",
      "integrity": "sha512-HRtSfjrWmWVNp2uAkEpQnuGMJsu/+dBr47dRc5QVgsCbnIc1+GFEaoKBWkYG+zjrsHpSqcAElMio+n10c0b5JA==",
      "requires": {
        "@octokit/core": "^4.1.0",
        "@octokit/plugin-paginate-rest": "^6.0.0",
        "@octokit/plugin-request-log": "^1.0.4",
        "@octokit/plugin-rest-endpoint-methods": "^7.0.0"
      }
    },
    "@octokit/types": {
      "version": "9.2.0",
      "resolved": "https://registry.npmjs.org/@octokit/types/-/types-9.2.0.tgz",
      "integrity": "sha512-xySzJG4noWrIBFyMu4lg4tu9vAgNg9S0aoLRONhAEz6ueyi1evBzb40HitIosaYS4XOexphG305IVcLrIX/30g==",
      "requires": {
        "@octokit/openapi-types": "^17.1.0"
      }
    },
    "before-after-hook": {
      "version": "2.2.3",
      "resolved": "https://registry.npmjs.org/before-after-hook/-/before-after-hook-2.2.3.tgz",
      "integrity": "sha512-NzUnlZexiaH/46WDhANlyR2bXRopNg4F/zuSA3OpZnllCUgRaOF2znDioDWrmbNVsuZk6l9pMquQB38cfBZwkQ=="
    },
    "deprecation": {
      "version": "2.3.1",
      "resolved": "https://registry.npmjs.org/deprecation/-/deprecation-2.3.1.tgz",
      "integrity": "sha512-xmHIy4F3scKVwMsQ4WnVaS8bHOx0DmVwRywosKhaILI0ywMDWPtBSku2HNxRvF7jtwDRsoEwYQSfbxj8b7RlJQ=="
    },
    "is-plain-object": {
      "version": "5.0.0",
      "resolved": "https://registry.npmjs.org/is-plain-object/-/is-plain-object-5.0.0.tgz",
      "integrity": "sha512-VRSzKkbMm5jMDoKLbltAkFQ5Qr7VDiTFGXxYFXXowVj387GeGNOCsOH6Msy00SGZ3Fp84b1Naa1psqgcCIEP5Q=="
    },
    "iso-datestring-validator": {
      "version": "2.2.2",
      "resolved": "https://registry.npmjs.org/iso-datestring-validator/-/iso-datestring-validator-2.2.2.tgz",
      "integrity": "sha512-yLEMkBbLZTlVQqOnQ4FiMujR6T4DEcCb1xizmvXS+OxuhwcbtynoosRzdMA69zZCShCNAbi+gJ71FxZBBXx1SA=="
    },
    "multiformats": {
      "version": "9.9.0",
      "resolved": "https://registry.npmjs.org/multiformats/-/multiformats-9.9.0.tgz",
      "integrity": "sha512-HoMUjhH9T8DDBNT+6xzkrd9ga/XiBI4xLr58LJACwK6G3HTOPeMz4nB4KJs33L2BelrIJa7P0VuNaVF3hMYfjg=="
    },
    "node-fetch": {
      "version": "2.6.9",
      "resolved": "https://registry.npmjs.org/node-fetch/-/node-fetch-2.6.9.tgz",
      "integrity": "sha512-DJm/CJkZkRjKKj4Zi4BsKVZh3ValV5IR5s7LVZnW+6YMh0W1BfNA8XSs6DLMGYlId5F3KnA70uu2qepcR08Qqg==",
      "requires": {
        "whatwg-url": "^5.0.0"
      }
    },
    "once": {
      "version": "1.4.0",
      "resolved": "https://registry.npmjs.org/once/-/once-1.4.0.tgz",
      "integrity": "sha512-lNaJgI+2Q5URQBkccEKHTQOPaXdUxnZZElQTZY0MFUAuaEqe1E+Nyvgdz/aIyNi6Z9MzO5dv1H8n58/GELp3+w==",
      "requires": {
        "wrappy": "1"
      }
    },
    "rxjs": {
      "version": "7.8.1",
      "resolved": "https://registry.npmjs.org/rxjs/-/rxjs-7.8.1.tgz",
      "integrity": "sha512-AA3TVj+0A2iuIoQkWEK/tqFjBq2j+6PO6Y0zJcvzLAFhEFIO3HL0vls9hWLncZbAAbK0mar7oZ4V079I/qPMxg==",
      "optional": true,
      "requires": {
        "tslib": "^2.1.0"
      }
    },
    "tlds": {
      "version": "1.238.0",
      "resolved": "https://registry.npmjs.org/tlds/-/tlds-1.238.0.tgz",
      "integrity": "sha512-lFPF9pZFhLrPodaJ0wt9QIN0l8jOxqmUezGZnm7BfkDSVd9q667oVIJukLVzhF+4oW7uDlrLlfJrL5yu9RWwew=="
    },
    "tr46": {
      "version": "0.0.3",
      "resolved": "https://registry.npmjs.org/tr46/-/tr46-0.0.3.tgz",
      "integrity": "sha512-N3WMsuqV66lT30CrXNbEjx4GEwlow3v6rr4mCcv6prnfwhS01rkgyFdjPNBYd9br7LpXV1+Emh01fHnq2Gdgrw=="
    },
    "tslib": {
      "version": "2.5.0",
      "resolved": "https://registry.npmjs.org/tslib/-/tslib-2.5.0.tgz",
      "integrity": "sha512-336iVw3rtn2BUK7ORdIAHTyxHGRIHVReokCR3XjbckJMK7ms8FysBfhLR8IXnAgy7T0PTPNBWKiH514FOW/WSg==",
      "optional": true
    },
    "typed-emitter": {
      "version": "2.1.0",
      "resolved": "https://registry.npmjs.org/typed-emitter/-/typed-emitter-2.1.0.tgz",
      "integrity": "sha512-g/KzbYKbH5C2vPkaXGu8DJlHrGKHLsM25Zg9WuC9pMGfuvT+X25tZQWo5fK1BjBm8+UrVE9LDCvaY0CQk+fXDA==",
      "requires": {
        "rxjs": "*"
      }
    },
    "uint8arrays": {
      "version": "3.0.0",
      "resolved": "https://registry.npmjs.org/uint8arrays/-/uint8arrays-3.0.0.tgz",
      "integrity": "sha512-HRCx0q6O9Bfbp+HHSfQQKD7wU70+lydKVt4EghkdOvlK/NlrF90z+eXV34mUd48rNvVJXwkrMSPpCATkct8fJA==",
      "requires": {
        "multiformats": "^9.4.2"
      }
    },
    "universal-user-agent": {
      "version": "6.0.0",
      "resolved": "https://registry.npmjs.org/universal-user-agent/-/universal-user-agent-6.0.0.tgz",
      "integrity": "sha512-isyNax3wXoKaulPDZWHQqbmIx1k2tb9fb3GGDBRxCscfYV2Ch7WxPArBsFEG8s/safwXTT7H4QGhaIkTp9447w=="
    },
    "webidl-conversions": {
      "version": "3.0.1",
      "resolved": "https://registry.npmjs.org/webidl-conversions/-/webidl-conversions-3.0.1.tgz",
      "integrity": "sha512-2JAn3z8AR6rjK8Sm8orRC0h/bcl/DqL7tRPdGZ4I1CjdF+EaMLmYxBHyXuKL849eucPFhvBoxMsflfOb8kxaeQ=="
    },
    "whatwg-url": {
      "version": "5.0.0",
      "resolved": "https://registry.npmjs.org/whatwg-url/-/whatwg-url-5.0.0.tgz",
      "integrity": "sha512-saE57nupxk6v3HY35+jzBwYa0rKSy0XR8JSxZPwgLr7ys0IBzhGviA1/TUGJLmSVqs8pb9AnvICXEuOHLprYTw==",
      "requires": {
        "tr46": "~0.0.3",
        "webidl-conversions": "^3.0.0"
      }
    },
    "wrappy": {
      "version": "1.0.2",
      "resolved": "https://registry.npmjs.org/wrappy/-/wrappy-1.0.2.tgz",
      "integrity": "sha512-l4Sp/DRseor9wL6EvV2+TuQn63dMkPjZ/sp9XkghTEbV9KlPS1xUsZ3u7/IQO4wxtcFB4bgpQPRcR3QCvezPcQ=="
    },
    "zod": {
      "version": "3.21.4",
      "resolved": "https://registry.npmjs.org/zod/-/zod-3.21.4.tgz",
      "integrity": "sha512-m46AKbrzKVzOzs/DZgVnG5H55N1sv1M8qZU3A8RIKbs3mrACDNeIOeilDymVb2HdmP8uwshOCF4uJ8uM9rCqJw=="
    }
  }
}
